
Microsoft Visual Studio Solution File, Format Version 12.00
# Visual Studio Version 17
VisualStudioVersion = 17.5.2.0
MinimumVisualStudioVersion = 10.0.40219.1
Project("{FAE04EC0-301F-11D3-BF4B-00C04F79EFBC}") = "PracticaU2_Estructuras", "PracticaU2_Estructuras.csproj", "{11CB1DB6-18C4-9072-39F7-07FCF546C584}"
EndProject
Project("{FAE04EC0-301F-11D3-BF4B-00C04F79EFBC}") = "EstacionamientoApp", "EstacionamientoApp\EstacionamientoApp.csproj", "{C8D19757-4C4F-4A48-9BDA-4E08D9408A4C}"
EndProject
Project("{FAE04EC0-301F-11D3-BF4B-00C04F79EFBC}") = "PintarCochesGame", "PintarCochesGame\PintarCochesGame.csproj", "{0D83776B-7D62-44D3-9CBD-9924DFF3A9E9}"
EndProject
Global
	GlobalSection(SolutionConfigurationPlatforms) = preSolution
		Debug|Any CPU = Debug|Any CPU
		Debug|x64 = Debug|x64
		Debug|x86 = Debug|x86
		Release|Any CPU = Release|Any CPU
		Release|x64 = Release|x64
		Release|x86 = Release|x86
	EndGlobalSection
	GlobalSection(ProjectConfigurationPlatforms) = postSolution
		{11CB1DB6-18C4-9072-39F7-07FCF546C584}.Debug|Any CPU.ActiveCfg = Debug|Any CPU
		{11CB1DB6-18C4-9072-39F7-07FCF546C584}.Debug|Any CPU.Build.0 = Debug|Any CPU
		{11CB1DB6-18C4-9072-39F7-07FCF546C584}.Debug|x64.ActiveCfg = Debug|Any CPU
		{11CB1DB6-18C4-9072-39F7-07FCF546C584}.Debug|x64.Build.0 = Debug|Any CPU
		{11CB1DB6-18C4-9072-39F7-07FCF546C584}.Debug|x86.ActiveCfg = Debug|Any CPU
		{11CB1DB6-18C4-9072-39F7-07FCF546C584}.Debug|x86.Build.0 = Debug|Any CPU
		{11CB1DB6-18C4-9072-39F7-07FCF546C584}.Release|Any CPU.ActiveCfg = Release|Any CPU
		{11CB1DB6-18C4-9072-39F7-07FCF546C584}.Release|Any CPU.Build.0 = Release|Any CPU
		{11CB1DB6-18C4-9072-39F7-07FCF546C584}.Release|x64.ActiveCfg = Release|Any CPU
		{11CB1DB6-18C4-9072-39F7-07FCF546C584}.Release|x64.Build.0 = Release|Any CPU
		{11CB1DB6-18C4-9072-39F7-07FCF546C584}.Release|x86.ActiveCfg = Release|Any CPU
		{11CB1DB6-18C4-9072-39F7-07FCF546C584}.Release|x86.Build.0 = Release|Any CPU
		{C8D19757-4C4F-4A48-9BDA-4E08D9408A4C}.Debug|Any CPU.ActiveCfg = Debug|Any CPU
		{C8D19757-4C4F-4A48-9BDA-4E08D9408A4C}.Debug|Any CPU.Build.0 = Debug|Any CPU
		{C8D19757-4C4F-4A48-9BDA-4E08D9408A4C}.Debug|x64.ActiveCfg = Debug|Any CPU
		{C8D19757-4C4F-4A48-9BDA-4E08D9408A4C}.Debug|x64.Build.0 = Debug|Any CPU
		{C8D19757-4C4F-4A48-9BDA-4E08D9408A4C}.Debug|x86.ActiveCfg = Debug|Any CPU
		{C8D19757-4C4F-4A48-9BDA-4E08D9408A4C}.Debug|x86.Build.0 = Debug|Any CPU
		{C8D19757-4C4F-4A48-9BDA-4E08D9408A4C}.Release|Any CPU.ActiveCfg = Release|Any CPU
		{C8D19757-4C4F-4A48-9BDA-4E08D9408A4C}.Release|Any CPU.Build.0 = Release|Any CPU
		{C8D19757-4C4F-4A48-9BDA-4E08D9408A4C}.Release|x64.ActiveCfg = Release|Any CPU
		{C8D19757-4C4F-4A48-9BDA-4E08D9408A4C}.Release|x64.Build.0 = Release|Any CPU
		{C8D19757-4C4F-4A48-9BDA-4E08D9408A4C}.Release|x86.ActiveCfg = Release|Any CPU
		{C8D19757-4C4F-4A48-9BDA-4E08D9408A4C}.Release|x86.Build.0 = Release|Any CPU
		{0D83776B-7D62-44D3-9CBD-9924DFF3A9E9}.Debug|Any CPU.ActiveCfg = Debug|Any CPU
		{0D83776B-7D62-44D3-9CBD-9924DFF3A9E9}.Debug|Any CPU.Build.0 = Debug|Any CPU
		{0D83776B-7D62-44D3-9CBD-9924DFF3A9E9}.Debug|x64.ActiveCfg = Debug|Any CPU
		{0D83776B-7D62-44D3-9CBD-9924DFF3A9E9}.Debug|x64.Build.0 = Debug|Any CPU
		{0D83776B-7D62-44D3-9CBD-9924DFF3A9E9}.Debug|x86.ActiveCfg = Debug|Any CPU
		{0D83776B-7D62-44D3-9CBD-9924DFF3A9E9}.Debug|x86.Build.0 = Debug|Any CPU
		{0D83776B-7D62-44D3-9CBD-9924DFF3A9E9}.Release|Any CPU.ActiveCfg = Release|Any CPU
		{0D83776B-7D62-44D3-9CBD-9924DFF3A9E9}.Release|Any CPU.Build.0 = Release|Any CPU
		{0D83776B-7D62-44D3-9CBD-9924DFF3A9E9}.Release|x64.ActiveCfg = Release|Any CPU
		{0D83776B-7D62-44D3-9CBD-9924DFF3A9E9}.Release|x64.Build.0 = Release|Any CPU
		{0D83776B-7D62-44D3-9CBD-9924DFF3A9E9}.Release|x86.ActiveCfg = Release|Any CPU
		{0D83776B-7D62-44D3-9CBD-9924DFF3A9E9}.Release|x86.Build.0 = Release|Any CPU
	EndGlobalSection
	GlobalSection(SolutionProperties) = preSolution
		HideSolutionNode = FALSE
	EndGlobalSection
	GlobalSection(ExtensibilityGlobals) = postSolution
		SolutionGuid = {AD328A01-6DB6-43DA-962F-94716B275324}
	EndGlobalSection
EndGlobal
